
Microsoft Visual Studio Solution File, Format Version 12.00
# Visual Studio 15
Project("{FAE04EC0-301F-11D3-BF4B-00C04F79EFBC}") = "Assembly-CSharp", "Assembly-CSharp.csproj", "{F8025F97-DC4D-3C48-A382-6A1E5E6E4B5A}"
EndProject
Project("{FAE04EC0-301F-11D3-BF4B-00C04F79EFBC}") = "Assembly-CSharp", "Assembly-CSharp.Player.csproj", "{21E6BBF4-98AF-55E2-F6D9-6A5A13EE04E1}"
EndProject
Global
	GlobalSection(SolutionConfigurationPlatforms) = preSolution
		Debug|Any CPU = Debug|Any CPU
		Release|Any CPU = Release|Any CPU
	EndGlobalSection
	GlobalSection(ProjectConfigurationPlatforms) = postSolution
		{F8025F97-DC4D-3C48-A382-6A1E5E6E4B5A}.Debug|Any CPU.ActiveCfg = Debug|Any CPU
		{F8025F97-DC4D-3C48-A382-6A1E5E6E4B5A}.Debug|Any CPU.Build.0 = Debug|Any CPU
		{F8025F97-DC4D-3C48-A382-6A1E5E6E4B5A}.Release|Any CPU.ActiveCfg = Release|Any CPU
		{F8025F97-DC4D-3C48-A382-6A1E5E6E4B5A}.Release|Any CPU.Build.0 = Release|Any CPU
		{21E6BBF4-98AF-55E2-F6D9-6A5A13EE04E1}.Debug|Any CPU.ActiveCfg = Debug|Any CPU
		{21E6BBF4-98AF-55E2-F6D9-6A5A13EE04E1}.Debug|Any CPU.Build.0 = Debug|Any CPU
		{21E6BBF4-98AF-55E2-F6D9-6A5A13EE04E1}.Release|Any CPU.ActiveCfg = Release|Any CPU
		{21E6BBF4-98AF-55E2-F6D9-6A5A13EE04E1}.Release|Any CPU.Build.0 = Release|Any CPU
	EndGlobalSection
	GlobalSection(SolutionProperties) = preSolution
		HideSolutionNode = FALSE
	EndGlobalSection
EndGlobal
